{
  "nodes": {
    "darwin": {
      "inputs": {
        "nixpkgs": [
          "main"
        ]
      },
      "locked": {
        "lastModified": 1662478528,
        "narHash": "sha256-Myjd0HPL5lXri3NXOcJ6gP7IKod2eMweQBKM4uxgEGw=",
        "owner": "lnl7",
        "repo": "nix-darwin",
        "rev": "3b69bf3cc26ae19de847bfe54d6ab22d7381a90a",
        "type": "github"
      },
      "original": {
        "owner": "lnl7",
        "repo": "nix-darwin",
        "type": "github"
      }
    },
    "home-manager": {
      "inputs": {
        "nixpkgs": [
          "nixpkgs"
        ],
        "utils": "utils"
      },
      "locked": {
        "lastModified": 1663099612,
        "narHash": "sha256-ucokjFDRwCFWbcGiqxz0mfHv82UqwyW7RXY6ZgKSl80=",
        "owner": "nix-community",
        "repo": "home-manager",
        "rev": "60c6bfe322944d04bb38e76b64effcbd01258824",
        "type": "github"
      },
      "original": {
        "owner": "nix-community",
        "repo": "home-manager",
        "type": "github"
      }
    },
    "main": {
      "locked": {
        "lastModified": 1663149961,
        "narHash": "sha256-acahvpew3TohDmsj1CzNjzdUJL1tzeIX7Lmt2CvD3Q8=",
        "owner": "nixos",
        "repo": "nixpkgs",
        "rev": "f040a9d34d21d2c99e51455d3813eb5863b1a340",
        "type": "github"
      },
      "original": {
        "owner": "nixos",
        "repo": "nixpkgs",
        "type": "github"
      }
    },
    "nixpkgs": {
      "locked": {
        "lastModified": 1611574965,
        "narHash": "sha256-IYtGS077nJFIqSq6Cb8WEJwbqqd4K7S4vUuwPZKfLeo=",
        "owner": "nixos",
        "repo": "nixpkgs-channels",
        "rev": "4762fba469e2baa82f983b262e2c06ac2fdaae67",
        "type": "github"
      },
      "original": {
        "owner": "nixos",
        "ref": "nixos-unstable",
        "repo": "nixpkgs-channels",
        "type": "github"
      }
    },
    "root": {
      "inputs": {
        "darwin": "darwin",
        "home-manager": "home-manager",
        "main": "main",
        "nixpkgs": "nixpkgs"
      }
    },
    "utils": {
      "locked": {
        "lastModified": 1653893745,
        "narHash": "sha256-0jntwV3Z8//YwuOjzhV2sgJJPt+HY6KhU7VZUL0fKZQ=",
        "owner": "numtide",
        "repo": "flake-utils",
        "rev": "1ed9fb1935d260de5fe1c2f7ee0ebaae17ed2fa1",
        "type": "github"
      },
      "original": {
        "owner": "numtide",
        "repo": "flake-utils",
        "type": "github"
      }
    }
  },
  "root": "root",
  "version": 7
}
