{
  "nodes": {
    "darwin": {
      "inputs": {
        "nixpkgs": [
          "main"
        ]
      },
      "locked": {
        "lastModified": 1664210064,
        "narHash": "sha256-df6nKVZe/yAhmJ9csirTPahc0dldwm3HBhCVNA6qWr0=",
        "owner": "lnl7",
        "repo": "nix-darwin",
        "rev": "02d2551c927b7d65ded1b3c7cd13da5cc7ae3fcf",
        "type": "github"
      },
      "original": {
        "owner": "lnl7",
        "repo": "nix-darwin",
        "type": "github"
      }
    },
    "home-manager": {
      "inputs": {
        "nixpkgs": [
          "nixpkgs"
        ],
        "utils": "utils"
      },
      "locked": {
        "lastModified": 1665271265,
        "narHash": "sha256-4Nn0T5YoR3bBLFnPy6Tkc8zzmzMTBjSGZq05c5hKhEI=",
        "owner": "nix-community",
        "repo": "home-manager",
        "rev": "e1f1160284198a68ea8c7fffbbb1436f99e46ef9",
        "type": "github"
      },
      "original": {
        "owner": "nix-community",
        "repo": "home-manager",
        "type": "github"
      }
    },
    "main": {
      "locked": {
        "lastModified": 1665336673,
        "narHash": "sha256-T5HbTuOhqJpVdjUoODp7c2t4uQ4V38zTa/0ArbnkF2k=",
        "owner": "nixos",
        "repo": "nixpkgs",
        "rev": "987d2f575aff1da36d964a6e3fd3e4ba42445a76",
        "type": "github"
      },
      "original": {
        "owner": "nixos",
        "repo": "nixpkgs",
        "type": "github"
      }
    },
    "nixpkgs": {
      "locked": {
        "lastModified": 1611574965,
        "narHash": "sha256-IYtGS077nJFIqSq6Cb8WEJwbqqd4K7S4vUuwPZKfLeo=",
        "owner": "nixos",
        "repo": "nixpkgs-channels",
        "rev": "4762fba469e2baa82f983b262e2c06ac2fdaae67",
        "type": "github"
      },
      "original": {
        "owner": "nixos",
        "ref": "nixos-unstable",
        "repo": "nixpkgs-channels",
        "type": "github"
      }
    },
    "root": {
      "inputs": {
        "darwin": "darwin",
        "home-manager": "home-manager",
        "main": "main",
        "nixpkgs": "nixpkgs"
      }
    },
    "utils": {
      "locked": {
        "lastModified": 1659877975,
        "narHash": "sha256-zllb8aq3YO3h8B/U0/J1WBgAL8EX5yWf5pMj3G0NAmc=",
        "owner": "numtide",
        "repo": "flake-utils",
        "rev": "c0e246b9b83f637f4681389ecabcb2681b4f3af0",
        "type": "github"
      },
      "original": {
        "owner": "numtide",
        "repo": "flake-utils",
        "type": "github"
      }
    }
  },
  "root": "root",
  "version": 7
}
